PODS:
  - Flutter (1.0.0)
  - seon_plugin (3.0.0):
    - Flutter
    - SeonSDK (~> 5.0.0)
  - SeonSDK (5.0.0)

DEPENDENCIES:
  - Flutter (from `Flutter`)
  - seon_plugin (from `.symlinks/plugins/seon_plugin/ios`)

SPEC REPOS:
  trunk:
    - SeonSDK

EXTERNAL SOURCES:
  Flutter:
    :path: Flutter
  seon_plugin:
    :path: ".symlinks/plugins/seon_plugin/ios"

SPEC CHECKSUMS:
  Flutter: e0871f40cf51350855a761d2e70bf5af5b9b5de7
  seon_plugin: aa0b9450d85fd4691bd7be7681a98d0d7dfdfecc
  SeonSDK: 6f350696536fe9c88b3098577716a624cfc741e3

PODFILE CHECKSUM: 4e8f8b2be68aeea4c0d5beb6ff1e79fface1d048

COCOAPODS: 1.15.2
